// !$*UTF8*$!
{
	archiveVersion = 1;
	classes = {
	};
	objectVersion = 56;
	objects = {

/* Begin PBXBuildFile section */
		A831534C2863086700398184 /* FlightInformation.swift in Sources */ = {isa = PBXBuildFile; fileRef = A831534A2863086700398184 /* FlightInformation.swift */; };
		A831534D2863086700398184 /* FlightHistory.swift in Sources */ = {isa = PBXBuildFile; fileRef = A831534B2863086700398184 /* FlightHistory.swift */; };
		A89E6EC329FEEEC1003DCFFF /* TimelineView.swift in Sources */ = {isa = PBXBuildFile; fileRef = A89E6EC229FEEEC1003DCFFF /* TimelineView.swift */; };
		A89E6ECA29FEEF74003DCFFF /* TimelineTableViewCell.swift in Sources */ = {isa = PBXBuildFile; fileRef = A89E6EC529FEEF74003DCFFF /* TimelineTableViewCell.swift */; };
		A89E6ECB29FEEF74003DCFFF /* Timeline.swift in Sources */ = {isa = PBXBuildFile; fileRef = A89E6EC629FEEF74003DCFFF /* Timeline.swift */; };
		A89E6ECC29FEEF74003DCFFF /* TimelinePoint.swift in Sources */ = {isa = PBXBuildFile; fileRef = A89E6EC829FEEF74003DCFFF /* TimelinePoint.swift */; };
		A89E6ECD29FEEF74003DCFFF /* TimelineTableViewCell.xib in Resources */ = {isa = PBXBuildFile; fileRef = A89E6EC929FEEF74003DCFFF /* TimelineTableViewCell.xib */; };
		A8A194062863073E0012AD63 /* FlightTimelineApp.swift in Sources */ = {isa = PBXBuildFile; fileRef = A8A194052863073E0012AD63 /* FlightTimelineApp.swift */; };
		A8A194082863073E0012AD63 /* ContentView.swift in Sources */ = {isa = PBXBuildFile; fileRef = A8A194072863073E0012AD63 /* ContentView.swift */; };
		A8A1940A2863073E0012AD63 /* Assets.xcassets in Resources */ = {isa = PBXBuildFile; fileRef = A8A194092863073E0012AD63 /* Assets.xcassets */; };
		A8A1940D2863073E0012AD63 /* Preview Assets.xcassets in Resources */ = {isa = PBXBuildFile; fileRef = A8A1940C2863073E0012AD63 /* Preview Assets.xcassets */; };
		D82175432A852CC6003F0673 /* FlightRowView.swift in Sources */ = {isa = PBXBuildFile; fileRef = D82175422A852CC6003F0673 /* FlightRowView.swift */; };
		D82175452A8531BF003F0673 /* FlightDetailsView.swift in Sources */ = {isa = PBXBuildFile; fileRef = D82175442A8531BF003F0673 /* FlightDetailsView.swift */; };
		D8AEFB5F2A840AA4009919C3 /* HomeScreenView.swift in Sources */ = {isa = PBXBuildFile; fileRef = D8AEFB5E2A840AA4009919C3 /* HomeScreenView.swift */; };
		D8AEFB612A840B80009919C3 /* UserProfileView.swift in Sources */ = {isa = PBXBuildFile; fileRef = D8AEFB602A840B80009919C3 /* UserProfileView.swift */; };
		D8AEFB632A840DC0009919C3 /* FlightBoardView.swift in Sources */ = {isa = PBXBuildFile; fileRef = D8AEFB622A840DC0009919C3 /* FlightBoardView.swift */; };
/* End PBXBuildFile section */

/* Begin PBXFileReference section */
		A831534A2863086700398184 /* FlightInformation.swift */ = {isa = PBXFileReference; fileEncoding = 4; lastKnownFileType = sourcecode.swift; path = FlightInformation.swift; sourceTree = "<group>"; };
		A831534B2863086700398184 /* FlightHistory.swift */ = {isa = PBXFileReference; fileEncoding = 4; lastKnownFileType = sourcecode.swift; path = FlightHistory.swift; sourceTree = "<group>"; };
		A89E6EC229FEEEC1003DCFFF /* TimelineView.swift */ = {isa = PBXFileReference; lastKnownFileType = sourcecode.swift; path = TimelineView.swift; sourceTree = "<group>"; };
		A89E6EC529FEEF74003DCFFF /* TimelineTableViewCell.swift */ = {isa = PBXFileReference; fileEncoding = 4; lastKnownFileType = sourcecode.swift; path = TimelineTableViewCell.swift; sourceTree = "<group>"; };
		A89E6EC629FEEF74003DCFFF /* Timeline.swift */ = {isa = PBXFileReference; fileEncoding = 4; lastKnownFileType = sourcecode.swift; path = Timeline.swift; sourceTree = "<group>"; };
		A89E6EC729FEEF74003DCFFF /* TimelineTableViewCell.h */ = {isa = PBXFileReference; fileEncoding = 4; lastKnownFileType = sourcecode.c.h; path = TimelineTableViewCell.h; sourceTree = "<group>"; };
		A89E6EC829FEEF74003DCFFF /* TimelinePoint.swift */ = {isa = PBXFileReference; fileEncoding = 4; lastKnownFileType = sourcecode.swift; path = TimelinePoint.swift; sourceTree = "<group>"; };
		A89E6EC929FEEF74003DCFFF /* TimelineTableViewCell.xib */ = {isa = PBXFileReference; fileEncoding = 4; lastKnownFileType = file.xib; path = TimelineTableViewCell.xib; sourceTree = "<group>"; };
		A8A194022863073E0012AD63 /* FlightTimeline.app */ = {isa = PBXFileReference; explicitFileType = wrapper.application; includeInIndex = 0; path = FlightTimeline.app; sourceTree = BUILT_PRODUCTS_DIR; };
		A8A194052863073E0012AD63 /* FlightTimelineApp.swift */ = {isa = PBXFileReference; lastKnownFileType = sourcecode.swift; path = FlightTimelineApp.swift; sourceTree = "<group>"; };
		A8A194072863073E0012AD63 /* ContentView.swift */ = {isa = PBXFileReference; lastKnownFileType = sourcecode.swift; path = ContentView.swift; sourceTree = "<group>"; };
		A8A194092863073E0012AD63 /* Assets.xcassets */ = {isa = PBXFileReference; lastKnownFileType = folder.assetcatalog; path = Assets.xcassets; sourceTree = "<group>"; };
		A8A1940C2863073E0012AD63 /* Preview Assets.xcassets */ = {isa = PBXFileReference; lastKnownFileType = folder.assetcatalog; path = "Preview Assets.xcassets"; sourceTree = "<group>"; };
		D82175422A852CC6003F0673 /* FlightRowView.swift */ = {isa = PBXFileReference; lastKnownFileType = sourcecode.swift; path = FlightRowView.swift; sourceTree = "<group>"; };
		D82175442A8531BF003F0673 /* FlightDetailsView.swift */ = {isa = PBXFileReference; lastKnownFileType = sourcecode.swift; path = FlightDetailsView.swift; sourceTree = "<group>"; };
		D8AEFB5E2A840AA4009919C3 /* HomeScreenView.swift */ = {isa = PBXFileReference; lastKnownFileType = sourcecode.swift; path = HomeScreenView.swift; sourceTree = "<group>"; };
		D8AEFB602A840B80009919C3 /* UserProfileView.swift */ = {isa = PBXFileReference; lastKnownFileType = sourcecode.swift; path = UserProfileView.swift; sourceTree = "<group>"; };
		D8AEFB622A840DC0009919C3 /* FlightBoardView.swift */ = {isa = PBXFileReference; lastKnownFileType = sourcecode.swift; path = FlightBoardView.swift; sourceTree = "<group>"; };
/* End PBXFileReference section */

/* Begin PBXFrameworksBuildPhase section */
		A8A193FF2863073D0012AD63 /* Frameworks */ = {
			isa = PBXFrameworksBuildPhase;
			buildActionMask = 2147483647;
			files = (
			);
			runOnlyForDeploymentPostprocessing = 0;
		};
/* End PBXFrameworksBuildPhase section */

/* Begin PBXGroup section */
		A83153492863086700398184 /* Models */ = {
			isa = PBXGroup;
			children = (
				A831534A2863086700398184 /* FlightInformation.swift */,
				A831534B2863086700398184 /* FlightHistory.swift */,
			);
			path = Models;
			sourceTree = "<group>";
		};
		A89E6EC429FEEF74003DCFFF /* TimelineTableViewCell */ = {
			isa = PBXGroup;
			children = (
				A89E6EC529FEEF74003DCFFF /* TimelineTableViewCell.swift */,
				A89E6EC629FEEF74003DCFFF /* Timeline.swift */,
				A89E6EC729FEEF74003DCFFF /* TimelineTableViewCell.h */,
				A89E6EC829FEEF74003DCFFF /* TimelinePoint.swift */,
				A89E6EC929FEEF74003DCFFF /* TimelineTableViewCell.xib */,
			);
			path = TimelineTableViewCell;
			sourceTree = "<group>";
		};
		A8A193F92863073D0012AD63 = {
			isa = PBXGroup;
			children = (
				A8A194042863073E0012AD63 /* FlightTimeline */,
				A8A194032863073E0012AD63 /* Products */,
			);
			sourceTree = "<group>";
		};
		A8A194032863073E0012AD63 /* Products */ = {
			isa = PBXGroup;
			children = (
				A8A194022863073E0012AD63 /* FlightTimeline.app */,
			);
			name = Products;
			sourceTree = "<group>";
		};
		A8A194042863073E0012AD63 /* FlightTimeline */ = {
			isa = PBXGroup;
			children = (
				A89E6EC429FEEF74003DCFFF /* TimelineTableViewCell */,
				A83153492863086700398184 /* Models */,
				A8A194052863073E0012AD63 /* FlightTimelineApp.swift */,
				A8A194072863073E0012AD63 /* ContentView.swift */,
				D8AEFB5E2A840AA4009919C3 /* HomeScreenView.swift */,
				D8AEFB622A840DC0009919C3 /* FlightBoardView.swift */,
				D82175422A852CC6003F0673 /* FlightRowView.swift */,
				D82175442A8531BF003F0673 /* FlightDetailsView.swift */,
				A89E6EC229FEEEC1003DCFFF /* TimelineView.swift */,
				D8AEFB602A840B80009919C3 /* UserProfileView.swift */,
				A8A194092863073E0012AD63 /* Assets.xcassets */,
				A8A1940B2863073E0012AD63 /* Preview Content */,
			);
			path = FlightTimeline;
			sourceTree = "<group>";
		};
		A8A1940B2863073E0012AD63 /* Preview Content */ = {
			isa = PBXGroup;
			children = (
				A8A1940C2863073E0012AD63 /* Preview Assets.xcassets */,
			);
			path = "Preview Content";
			sourceTree = "<group>";
		};
/* End PBXGroup section */

/* Begin PBXNativeTarget section */
		A8A194012863073D0012AD63 /* FlightTimeline */ = {
			isa = PBXNativeTarget;
			buildConfigurationList = A8A194102863073E0012AD63 /* Build configuration list for PBXNativeTarget "FlightTimeline" */;
			buildPhases = (
				A8A193FE2863073D0012AD63 /* Sources */,
				A8A193FF2863073D0012AD63 /* Frameworks */,
				A8A194002863073D0012AD63 /* Resources */,
			);
			buildRules = (
			);
			dependencies = (
			);
			name = FlightTimeline;
			productName = FlightTimeline;
			productReference = A8A194022863073E0012AD63 /* FlightTimeline.app */;
			productType = "com.apple.product-type.application";
		};
/* End PBXNativeTarget section */

/* Begin PBXProject section */
		A8A193FA2863073D0012AD63 /* Project object */ = {
			isa = PBXProject;
			attributes = {
				BuildIndependentTargetsInParallel = 1;
				LastSwiftUpdateCheck = 1400;
				LastUpgradeCheck = 1400;
				TargetAttributes = {
					A8A194012863073D0012AD63 = {
						CreatedOnToolsVersion = 14.0;
					};
				};
			};
			buildConfigurationList = A8A193FD2863073D0012AD63 /* Build configuration list for PBXProject "FlightTimeline" */;
			compatibilityVersion = "Xcode 14.0";
			developmentRegion = en;
			hasScannedForEncodings = 0;
			knownRegions = (
				en,
				Base,
			);
			mainGroup = A8A193F92863073D0012AD63;
			productRefGroup = A8A194032863073E0012AD63 /* Products */;
			projectDirPath = "";
			projectRoot = "";
			targets = (
				A8A194012863073D0012AD63 /* FlightTimeline */,
			);
		};
/* End PBXProject section */

/* Begin PBXResourcesBuildPhase section */
		A8A194002863073D0012AD63 /* Resources */ = {
			isa = PBXResourcesBuildPhase;
			buildActionMask = 2147483647;
			files = (
				A8A1940D2863073E0012AD63 /* Preview Assets.xcassets in Resources */,
				A89E6ECD29FEEF74003DCFFF /* TimelineTableViewCell.xib in Resources */,
				A8A1940A2863073E0012AD63 /* Assets.xcassets in Resources */,
			);
			runOnlyForDeploymentPostprocessing = 0;
		};
/* End PBXResourcesBuildPhase section */

/* Begin PBXSourcesBuildPhase section */
		A8A193FE2863073D0012AD63 /* Sources */ = {
			isa = PBXSourcesBuildPhase;
			buildActionMask = 2147483647;
			files = (
				A8A194082863073E0012AD63 /* ContentView.swift in Sources */,
				A89E6ECB29FEEF74003DCFFF /* Timeline.swift in Sources */,
				D82175452A8531BF003F0673 /* FlightDetailsView.swift in Sources */,
				A8A194062863073E0012AD63 /* FlightTimelineApp.swift in Sources */,
				D8AEFB632A840DC0009919C3 /* FlightBoardView.swift in Sources */,
				D8AEFB5F2A840AA4009919C3 /* HomeScreenView.swift in Sources */,
				A831534D2863086700398184 /* FlightHistory.swift in Sources */,
				D8AEFB612A840B80009919C3 /* UserProfileView.swift in Sources */,
				A89E6EC329FEEEC1003DCFFF /* TimelineView.swift in Sources */,
				A89E6ECA29FEEF74003DCFFF /* TimelineTableViewCell.swift in Sources */,
				A831534C2863086700398184 /* FlightInformation.swift in Sources */,
				A89E6ECC29FEEF74003DCFFF /* TimelinePoint.swift in Sources */,
				D82175432A852CC6003F0673 /* FlightRowView.swift in Sources */,
			);
			runOnlyForDeploymentPostprocessing = 0;
		};
/* End PBXSourcesBuildPhase section */

/* Begin XCBuildConfiguration section */
		A8A1940E2863073E0012AD63 /* Debug */ = {
			isa = XCBuildConfiguration;
			buildSettings = {
				ALWAYS_SEARCH_USER_PATHS = NO;
				CLANG_ANALYZER_NONNULL = YES;
				CLANG_ANALYZER_NUMBER_OBJECT_CONVERSION = YES_AGGRESSIVE;
				CLANG_CXX_LANGUAGE_STANDARD = "gnu++17";
				CLANG_ENABLE_MODULES = YES;
				CLANG_ENABLE_OBJC_ARC = YES;
				CLANG_ENABLE_OBJC_WEAK = YES;
				CLANG_WARN_BLOCK_CAPTURE_AUTORELEASING = YES;
				CLANG_WARN_BOOL_CONVERSION = YES;
				CLANG_WARN_COMMA = YES;
				CLANG_WARN_CONSTANT_CONVERSION = YES;
				CLANG_WARN_DEPRECATED_OBJC_IMPLEMENTATIONS = YES;
				CLANG_WARN_DIRECT_OBJC_ISA_USAGE = YES_ERROR;
				CLANG_WARN_DOCUMENTATION_COMMENTS = YES;
				CLANG_WARN_EMPTY_BODY = YES;
				CLANG_WARN_ENUM_CONVERSION = YES;
				CLANG_WARN_INFINITE_RECURSION = YES;
				CLANG_WARN_INT_CONVERSION = YES;
				CLANG_WARN_NON_LITERAL_NULL_CONVERSION = YES;
				CLANG_WARN_OBJC_IMPLICIT_RETAIN_SELF = YES;
				CLANG_WARN_OBJC_LITERAL_CONVERSION = YES;
				CLANG_WARN_OBJC_ROOT_CLASS = YES_ERROR;
				CLANG_WARN_QUOTED_INCLUDE_IN_FRAMEWORK_HEADER = YES;
				CLANG_WARN_RANGE_LOOP_ANALYSIS = YES;
				CLANG_WARN_STRICT_PROTOTYPES = YES;
				CLANG_WARN_SUSPICIOUS_MOVE = YES;
				CLANG_WARN_UNGUARDED_AVAILABILITY = YES_AGGRESSIVE;
				CLANG_WARN_UNREACHABLE_CODE = YES;
				CLANG_WARN__DUPLICATE_METHOD_MATCH = YES;
				COPY_PHASE_STRIP = NO;
				DEBUG_INFORMATION_FORMAT = dwarf;
				ENABLE_STRICT_OBJC_MSGSEND = YES;
				ENABLE_TESTABILITY = YES;
				GCC_C_LANGUAGE_STANDARD = gnu11;
				GCC_DYNAMIC_NO_PIC = NO;
				GCC_NO_COMMON_BLOCKS = YES;
				GCC_OPTIMIZATION_LEVEL = 0;
				GCC_PREPROCESSOR_DEFINITIONS = (
					"DEBUG=1",
					"$(inherited)",
				);
				GCC_WARN_64_TO_32_BIT_CONVERSION = YES;
				GCC_WARN_ABOUT_RETURN_TYPE = YES_ERROR;
				GCC_WARN_UNDECLARED_SELECTOR = YES;
				GCC_WARN_UNINITIALIZED_AUTOS = YES_AGGRESSIVE;
				GCC_WARN_UNUSED_FUNCTION = YES;
				GCC_WARN_UNUSED_VARIABLE = YES;
				IPHONEOS_DEPLOYMENT_TARGET = 16.0;
				MTL_ENABLE_DEBUG_INFO = INCLUDE_SOURCE;
				MTL_FAST_MATH = YES;
				ONLY_ACTIVE_ARCH = YES;
				SDKROOT = iphoneos;
				SWIFT_ACTIVE_COMPILATION_CONDITIONS = DEBUG;
				SWIFT_OPTIMIZATION_LEVEL = "-Onone";
			};
			name = Debug;
		};
		A8A1940F2863073E0012AD63 /* Release */ = {
			isa = XCBuildConfiguration;
			buildSettings = {
				ALWAYS_SEARCH_USER_PATHS = NO;
				CLANG_ANALYZER_NONNULL = YES;
				CLANG_ANALYZER_NUMBER_OBJECT_CONVERSION = YES_AGGRESSIVE;
				CLANG_CXX_LANGUAGE_STANDARD = "gnu++17";
				CLANG_ENABLE_MODULES = YES;
				CLANG_ENABLE_OBJC_ARC = YES;
				CLANG_ENABLE_OBJC_WEAK = YES;
				CLANG_WARN_BLOCK_CAPTURE_AUTORELEASING = YES;
				CLANG_WARN_BOOL_CONVERSION = YES;
				CLANG_WARN_COMMA = YES;
				CLANG_WARN_CONSTANT_CONVERSION = YES;
				CLANG_WARN_DEPRECATED_OBJC_IMPLEMENTATIONS = YES;
				CLANG_WARN_DIRECT_OBJC_ISA_USAGE = YES_ERROR;
				CLANG_WARN_DOCUMENTATION_COMMENTS = YES;
				CLANG_WARN_EMPTY_BODY = YES;
				CLANG_WARN_ENUM_CONVERSION = YES;
				CLANG_WARN_INFINITE_RECURSION = YES;
				CLANG_WARN_INT_CONVERSION = YES;
				CLANG_WARN_NON_LITERAL_NULL_CONVERSION = YES;
				CLANG_WARN_OBJC_IMPLICIT_RETAIN_SELF = YES;
				CLANG_WARN_OBJC_LITERAL_CONVERSION = YES;
				CLANG_WARN_OBJC_ROOT_CLASS = YES_ERROR;
				CLANG_WARN_QUOTED_INCLUDE_IN_FRAMEWORK_HEADER = YES;
				CLANG_WARN_RANGE_LOOP_ANALYSIS = YES;
				CLANG_WARN_STRICT_PROTOTYPES = YES;
				CLANG_WARN_SUSPICIOUS_MOVE = YES;
				CLANG_WARN_UNGUARDED_AVAILABILITY = YES_AGGRESSIVE;
				CLANG_WARN_UNREACHABLE_CODE = YES;
				CLANG_WARN__DUPLICATE_METHOD_MATCH = YES;
				COPY_PHASE_STRIP = NO;
				DEBUG_INFORMATION_FORMAT = "dwarf-with-dsym";
				ENABLE_NS_ASSERTIONS = NO;
				ENABLE_STRICT_OBJC_MSGSEND = YES;
				GCC_C_LANGUAGE_STANDARD = gnu11;
				GCC_NO_COMMON_BLOCKS = YES;
				GCC_WARN_64_TO_32_BIT_CONVERSION = YES;
				GCC_WARN_ABOUT_RETURN_TYPE = YES_ERROR;
				GCC_WARN_UNDECLARED_SELECTOR = YES;
				GCC_WARN_UNINITIALIZED_AUTOS = YES_AGGRESSIVE;
				GCC_WARN_UNUSED_FUNCTION = YES;
				GCC_WARN_UNUSED_VARIABLE = YES;
				IPHONEOS_DEPLOYMENT_TARGET = 16.0;
				MTL_ENABLE_DEBUG_INFO = NO;
				MTL_FAST_MATH = YES;
				SDKROOT = iphoneos;
				SWIFT_COMPILATION_MODE = wholemodule;
				SWIFT_OPTIMIZATION_LEVEL = "-O";
				VALIDATE_PRODUCT = YES;
			};
			name = Release;
		};
		A8A194112863073E0012AD63 /* Debug */ = {
			isa = XCBuildConfiguration;
			buildSettings = {
				ASSETCATALOG_COMPILER_APPICON_NAME = AppIcon;
				ASSETCATALOG_COMPILER_GLOBAL_ACCENT_COLOR_NAME = AccentColor;
				CODE_SIGN_STYLE = Automatic;
				CURRENT_PROJECT_VERSION = 1;
				DEVELOPMENT_ASSET_PATHS = "\"FlightTimeline/Preview Content\"";
				DEVELOPMENT_TEAM = GBTTU32HS2;
				ENABLE_PREVIEWS = YES;
				GENERATE_INFOPLIST_FILE = YES;
				INFOPLIST_KEY_UIApplicationSceneManifest_Generation = YES;
				INFOPLIST_KEY_UIApplicationSupportsIndirectInputEvents = YES;
				INFOPLIST_KEY_UILaunchScreen_Generation = YES;
				INFOPLIST_KEY_UISupportedInterfaceOrientations_iPad = "UIInterfaceOrientationPortrait UIInterfaceOrientationPortraitUpsideDown UIInterfaceOrientationLandscapeLeft UIInterfaceOrientationLandscapeRight";
				INFOPLIST_KEY_UISupportedInterfaceOrientations_iPhone = "UIInterfaceOrientationPortrait UIInterfaceOrientationLandscapeLeft UIInterfaceOrientationLandscapeRight";
				LD_RUNPATH_SEARCH_PATHS = (
					"$(inherited)",
					"@executable_path/Frameworks",
				);
				MARKETING_VERSION = 1.0;
				PRODUCT_BUNDLE_IDENTIFIER = ru.swiftbook.FlightTimeline;
				PRODUCT_NAME = "$(TARGET_NAME)";
				SUPPORTED_PLATFORMS = "iphoneos iphonesimulator";
				SUPPORTS_MACCATALYST = NO;
				SUPPORTS_MAC_DESIGNED_FOR_IPHONE_IPAD = NO;
				SWIFT_EMIT_LOC_STRINGS = YES;
				SWIFT_VERSION = 5.0;
				TARGETED_DEVICE_FAMILY = 1;
			};
			name = Debug;
		};
		A8A194122863073E0012AD63 /* Release */ = {
			isa = XCBuildConfiguration;
			buildSettings = {
				ASSETCATALOG_COMPILER_APPICON_NAME = AppIcon;
				ASSETCATALOG_COMPILER_GLOBAL_ACCENT_COLOR_NAME = AccentColor;
				CODE_SIGN_STYLE = Automatic;
				CURRENT_PROJECT_VERSION = 1;
				DEVELOPMENT_ASSET_PATHS = "\"FlightTimeline/Preview Content\"";
				DEVELOPMENT_TEAM = GBTTU32HS2;
				ENABLE_PREVIEWS = YES;
				GENERATE_INFOPLIST_FILE = YES;
				INFOPLIST_KEY_UIApplicationSceneManifest_Generation = YES;
				INFOPLIST_KEY_UIApplicationSupportsIndirectInputEvents = YES;
				INFOPLIST_KEY_UILaunchScreen_Generation = YES;
				INFOPLIST_KEY_UISupportedInterfaceOrientations_iPad = "UIInterfaceOrientationPortrait UIInterfaceOrientationPortraitUpsideDown UIInterfaceOrientationLandscapeLeft UIInterfaceOrientationLandscapeRight";
				INFOPLIST_KEY_UISupportedInterfaceOrientations_iPhone = "UIInterfaceOrientationPortrait UIInterfaceOrientationLandscapeLeft UIInterfaceOrientationLandscapeRight";
				LD_RUNPATH_SEARCH_PATHS = (
					"$(inherited)",
					"@executable_path/Frameworks",
				);
				MARKETING_VERSION = 1.0;
				PRODUCT_BUNDLE_IDENTIFIER = ru.swiftbook.FlightTimeline;
				PRODUCT_NAME = "$(TARGET_NAME)";
				SUPPORTED_PLATFORMS = "iphoneos iphonesimulator";
				SUPPORTS_MACCATALYST = NO;
				SUPPORTS_MAC_DESIGNED_FOR_IPHONE_IPAD = NO;
				SWIFT_EMIT_LOC_STRINGS = YES;
				SWIFT_VERSION = 5.0;
				TARGETED_DEVICE_FAMILY = 1;
			};
			name = Release;
		};
/* End XCBuildConfiguration section */

/* Begin XCConfigurationList section */
		A8A193FD2863073D0012AD63 /* Build configuration list for PBXProject "FlightTimeline" */ = {
			isa = XCConfigurationList;
			buildConfigurations = (
				A8A1940E2863073E0012AD63 /* Debug */,
				A8A1940F2863073E0012AD63 /* Release */,
			);
			defaultConfigurationIsVisible = 0;
			defaultConfigurationName = Release;
		};
		A8A194102863073E0012AD63 /* Build configuration list for PBXNativeTarget "FlightTimeline" */ = {
			isa = XCConfigurationList;
			buildConfigurations = (
				A8A194112863073E0012AD63 /* Debug */,
				A8A194122863073E0012AD63 /* Release */,
			);
			defaultConfigurationIsVisible = 0;
			defaultConfigurationName = Release;
		};
/* End XCConfigurationList section */
	};
	rootObject = A8A193FA2863073D0012AD63 /* Project object */;
}
